// !$*UTF8*$!
{
	archiveVersion = 1;
	classes = {
	};
	objectVersion = 46;
	objects = {

/* Begin PBXBuildFile section */
		15720E8E1F17B7F800D60DD1 /* TodoListDataDisplayManager.swift in Sources */ = {isa = PBXBuildFile; fileRef = 15720E8D1F17B7F800D60DD1 /* TodoListDataDisplayManager.swift */; };
		A4C5742A1F14A3F200FC0B31 /* AppDelegate.swift in Sources */ = {isa = PBXBuildFile; fileRef = A4C574291F14A3F200FC0B31 /* AppDelegate.swift */; };
		A4C574311F14A3F300FC0B31 /* Assets.xcassets in Resources */ = {isa = PBXBuildFile; fileRef = A4C574301F14A3F300FC0B31 /* Assets.xcassets */; };
		A4C5743C1F14A61C00FC0B31 /* TaskRowTableViewCell.swift in Sources */ = {isa = PBXBuildFile; fileRef = A4C5743B1F14A61C00FC0B31 /* TaskRowTableViewCell.swift */; };
		A4C5743E1F14ABCD00FC0B31 /* TaskRowTableViewController.swift in Sources */ = {isa = PBXBuildFile; fileRef = A4C5743D1F14ABCD00FC0B31 /* TaskRowTableViewController.swift */; };
		A4C574401F14CBE800FC0B31 /* Task.swift in Sources */ = {isa = PBXBuildFile; fileRef = A4C5743F1F14CBE800FC0B31 /* Task.swift */; };
		A4C574421F14CEDE00FC0B31 /* Main.storyboard in Resources */ = {isa = PBXBuildFile; fileRef = A4C574411F14CEDE00FC0B31 /* Main.storyboard */; };
		A4C574481F14D4D700FC0B31 /* NameTableViewCell.swift in Sources */ = {isa = PBXBuildFile; fileRef = A4C574471F14D4D700FC0B31 /* NameTableViewCell.swift */; };
		A4C5744A1F14D4EA00FC0B31 /* DescriptionTableView.swift in Sources */ = {isa = PBXBuildFile; fileRef = A4C574491F14D4EA00FC0B31 /* DescriptionTableView.swift */; };
		A4C5744C1F14D85000FC0B31 /* SecondViewController.swift in Sources */ = {isa = PBXBuildFile; fileRef = A4C5744B1F14D85000FC0B31 /* SecondViewController.swift */; };
/* End PBXBuildFile section */

/* Begin PBXFileReference section */
		15720E8D1F17B7F800D60DD1 /* TodoListDataDisplayManager.swift */ = {isa = PBXFileReference; fileEncoding = 4; lastKnownFileType = sourcecode.swift; path = TodoListDataDisplayManager.swift; sourceTree = "<group>"; };
		A4C574261F14A3F200FC0B31 /* To Do List.app */ = {isa = PBXFileReference; explicitFileType = wrapper.application; includeInIndex = 0; path = "To Do List.app"; sourceTree = BUILT_PRODUCTS_DIR; };
		A4C574291F14A3F200FC0B31 /* AppDelegate.swift */ = {isa = PBXFileReference; lastKnownFileType = sourcecode.swift; path = AppDelegate.swift; sourceTree = "<group>"; };
		A4C574301F14A3F300FC0B31 /* Assets.xcassets */ = {isa = PBXFileReference; lastKnownFileType = folder.assetcatalog; path = Assets.xcassets; sourceTree = "<group>"; };
		A4C574351F14A3F300FC0B31 /* Info.plist */ = {isa = PBXFileReference; lastKnownFileType = text.plist.xml; path = Info.plist; sourceTree = "<group>"; };
		A4C5743B1F14A61C00FC0B31 /* TaskRowTableViewCell.swift */ = {isa = PBXFileReference; fileEncoding = 4; lastKnownFileType = sourcecode.swift; path = TaskRowTableViewCell.swift; sourceTree = "<group>"; };
		A4C5743D1F14ABCD00FC0B31 /* TaskRowTableViewController.swift */ = {isa = PBXFileReference; fileEncoding = 4; lastKnownFileType = sourcecode.swift; path = TaskRowTableViewController.swift; sourceTree = "<group>"; };
		A4C5743F1F14CBE800FC0B31 /* Task.swift */ = {isa = PBXFileReference; fileEncoding = 4; lastKnownFileType = sourcecode.swift; path = Task.swift; sourceTree = "<group>"; };
		A4C574411F14CEDE00FC0B31 /* Main.storyboard */ = {isa = PBXFileReference; fileEncoding = 4; lastKnownFileType = file.storyboard; path = Main.storyboard; sourceTree = "<group>"; };
		A4C574471F14D4D700FC0B31 /* NameTableViewCell.swift */ = {isa = PBXFileReference; fileEncoding = 4; lastKnownFileType = sourcecode.swift; path = NameTableViewCell.swift; sourceTree = "<group>"; };
		A4C574491F14D4EA00FC0B31 /* DescriptionTableView.swift */ = {isa = PBXFileReference; fileEncoding = 4; lastKnownFileType = sourcecode.swift; path = DescriptionTableView.swift; sourceTree = "<group>"; };
		A4C5744B1F14D85000FC0B31 /* SecondViewController.swift */ = {isa = PBXFileReference; fileEncoding = 4; lastKnownFileType = sourcecode.swift; path = SecondViewController.swift; sourceTree = "<group>"; };
/* End PBXFileReference section */

/* Begin PBXFrameworksBuildPhase section */
		A4C574231F14A3F200FC0B31 /* Frameworks */ = {
			isa = PBXFrameworksBuildPhase;
			buildActionMask = 2147483647;
			files = (
			);
			runOnlyForDeploymentPostprocessing = 0;
		};
/* End PBXFrameworksBuildPhase section */

/* Begin PBXGroup section */
		A4C5741D1F14A3F200FC0B31 = {
			isa = PBXGroup;
			children = (
				A4C574281F14A3F200FC0B31 /* To Do List */,
				A4C574271F14A3F200FC0B31 /* Products */,
			);
			sourceTree = "<group>";
		};
		A4C574271F14A3F200FC0B31 /* Products */ = {
			isa = PBXGroup;
			children = (
				A4C574261F14A3F200FC0B31 /* To Do List.app */,
			);
			name = Products;
			sourceTree = "<group>";
		};
		A4C574281F14A3F200FC0B31 /* To Do List */ = {
			isa = PBXGroup;
			children = (
				A4C574291F14A3F200FC0B31 /* AppDelegate.swift */,
				A4C5743F1F14CBE800FC0B31 /* Task.swift */,
				A4C574431F14D45800FC0B31 /* First Screen */,
				A4C574441F14D48400FC0B31 /* Second Screen */,
				A4C574411F14CEDE00FC0B31 /* Main.storyboard */,
				A4C574301F14A3F300FC0B31 /* Assets.xcassets */,
				A4C574351F14A3F300FC0B31 /* Info.plist */,
			);
			path = "To Do List";
			sourceTree = "<group>";
		};
		A4C574431F14D45800FC0B31 /* First Screen */ = {
			isa = PBXGroup;
			children = (
				A4C5743D1F14ABCD00FC0B31 /* TaskRowTableViewController.swift */,
				A4C5743B1F14A61C00FC0B31 /* TaskRowTableViewCell.swift */,
				15720E8D1F17B7F800D60DD1 /* TodoListDataDisplayManager.swift */,
			);
			name = "First Screen";
			sourceTree = "<group>";
		};
		A4C574441F14D48400FC0B31 /* Second Screen */ = {
			isa = PBXGroup;
			children = (
				A4C574471F14D4D700FC0B31 /* NameTableViewCell.swift */,
				A4C574491F14D4EA00FC0B31 /* DescriptionTableView.swift */,
				A4C5744B1F14D85000FC0B31 /* SecondViewController.swift */,
			);
			name = "Second Screen";
			sourceTree = "<group>";
		};
/* End PBXGroup section */

/* Begin PBXNativeTarget section */
		A4C574251F14A3F200FC0B31 /* To Do List */ = {
			isa = PBXNativeTarget;
			buildConfigurationList = A4C574381F14A3F300FC0B31 /* Build configuration list for PBXNativeTarget "To Do List" */;
			buildPhases = (
				A4C574221F14A3F200FC0B31 /* Sources */,
				A4C574231F14A3F200FC0B31 /* Frameworks */,
				A4C574241F14A3F200FC0B31 /* Resources */,
			);
			buildRules = (
			);
			dependencies = (
			);
			name = "To Do List";
			productName = "To Do List";
			productReference = A4C574261F14A3F200FC0B31 /* To Do List.app */;
			productType = "com.apple.product-type.application";
		};
/* End PBXNativeTarget section */

/* Begin PBXProject section */
		A4C5741E1F14A3F200FC0B31 /* Project object */ = {
			isa = PBXProject;
			attributes = {
				LastSwiftUpdateCheck = 0830;
				LastUpgradeCheck = 0830;
				ORGANIZATIONNAME = "Kirill Makarenko";
				TargetAttributes = {
					A4C574251F14A3F200FC0B31 = {
						CreatedOnToolsVersion = 8.3.1;
						DevelopmentTeam = B4586UR56B;
						ProvisioningStyle = Automatic;
					};
				};
			};
			buildConfigurationList = A4C574211F14A3F200FC0B31 /* Build configuration list for PBXProject "To Do List" */;
			compatibilityVersion = "Xcode 3.2";
			developmentRegion = English;
			hasScannedForEncodings = 0;
			knownRegions = (
				en,
				Base,
			);
			mainGroup = A4C5741D1F14A3F200FC0B31;
			productRefGroup = A4C574271F14A3F200FC0B31 /* Products */;
			projectDirPath = "";
			projectRoot = "";
			targets = (
				A4C574251F14A3F200FC0B31 /* To Do List */,
			);
		};
/* End PBXProject section */

/* Begin PBXResourcesBuildPhase section */
		A4C574241F14A3F200FC0B31 /* Resources */ = {
			isa = PBXResourcesBuildPhase;
			buildActionMask = 2147483647;
			files = (
				A4C574311F14A3F300FC0B31 /* Assets.xcassets in Resources */,
				A4C574421F14CEDE00FC0B31 /* Main.storyboard in Resources */,
			);
			runOnlyForDeploymentPostprocessing = 0;
		};
/* End PBXResourcesBuildPhase section */

/* Begin PBXSourcesBuildPhase section */
		A4C574221F14A3F200FC0B31 /* Sources */ = {
			isa = PBXSourcesBuildPhase;
			buildActionMask = 2147483647;
			files = (
				15720E8E1F17B7F800D60DD1 /* TodoListDataDisplayManager.swift in Sources */,
				A4C5744C1F14D85000FC0B31 /* SecondViewController.swift in Sources */,
				A4C574481F14D4D700FC0B31 /* NameTableViewCell.swift in Sources */,
				A4C5744A1F14D4EA00FC0B31 /* DescriptionTableView.swift in Sources */,
				A4C5743C1F14A61C00FC0B31 /* TaskRowTableViewCell.swift in Sources */,
				A4C5743E1F14ABCD00FC0B31 /* TaskRowTableViewController.swift in Sources */,
				A4C5742A1F14A3F200FC0B31 /* AppDelegate.swift in Sources */,
				A4C574401F14CBE800FC0B31 /* Task.swift in Sources */,
			);
			runOnlyForDeploymentPostprocessing = 0;
		};
/* End PBXSourcesBuildPhase section */

/* Begin XCBuildConfiguration section */
		A4C574361F14A3F300FC0B31 /* Debug */ = {
			isa = XCBuildConfiguration;
			buildSettings = {
				ALWAYS_SEARCH_USER_PATHS = NO;
				CLANG_ANALYZER_NONNULL = YES;
				CLANG_ANALYZER_NUMBER_OBJECT_CONVERSION = YES_AGGRESSIVE;
				CLANG_CXX_LANGUAGE_STANDARD = "gnu++0x";
				CLANG_CXX_LIBRARY = "libc++";
				CLANG_ENABLE_MODULES = YES;
				CLANG_ENABLE_OBJC_ARC = YES;
				CLANG_WARN_BOOL_CONVERSION = YES;
				CLANG_WARN_CONSTANT_CONVERSION = YES;
				CLANG_WARN_DIRECT_OBJC_ISA_USAGE = YES_ERROR;
				CLANG_WARN_DOCUMENTATION_COMMENTS = YES;
				CLANG_WARN_EMPTY_BODY = YES;
				CLANG_WARN_ENUM_CONVERSION = YES;
				CLANG_WARN_INFINITE_RECURSION = YES;
				CLANG_WARN_INT_CONVERSION = YES;
				CLANG_WARN_OBJC_ROOT_CLASS = YES_ERROR;
				CLANG_WARN_SUSPICIOUS_MOVE = YES;
				CLANG_WARN_UNREACHABLE_CODE = YES;
				CLANG_WARN__DUPLICATE_METHOD_MATCH = YES;
				"CODE_SIGN_IDENTITY[sdk=iphoneos*]" = "iPhone Developer";
				COPY_PHASE_STRIP = NO;
				DEBUG_INFORMATION_FORMAT = dwarf;
				ENABLE_STRICT_OBJC_MSGSEND = YES;
				ENABLE_TESTABILITY = YES;
				GCC_C_LANGUAGE_STANDARD = gnu99;
				GCC_DYNAMIC_NO_PIC = NO;
				GCC_NO_COMMON_BLOCKS = YES;
				GCC_OPTIMIZATION_LEVEL = 0;
				GCC_PREPROCESSOR_DEFINITIONS = (
					"DEBUG=1",
					"$(inherited)",
				);
				GCC_WARN_64_TO_32_BIT_CONVERSION = YES;
				GCC_WARN_ABOUT_RETURN_TYPE = YES_ERROR;
				GCC_WARN_UNDECLARED_SELECTOR = YES;
				GCC_WARN_UNINITIALIZED_AUTOS = YES_AGGRESSIVE;
				GCC_WARN_UNUSED_FUNCTION = YES;
				GCC_WARN_UNUSED_VARIABLE = YES;
				IPHONEOS_DEPLOYMENT_TARGET = 10.3;
				MTL_ENABLE_DEBUG_INFO = YES;
				ONLY_ACTIVE_ARCH = YES;
				SDKROOT = iphoneos;
				SWIFT_ACTIVE_COMPILATION_CONDITIONS = DEBUG;
				SWIFT_OPTIMIZATION_LEVEL = "-Onone";
				TARGETED_DEVICE_FAMILY = "1,2";
			};
			name = Debug;
		};
		A4C574371F14A3F300FC0B31 /* Release */ = {
			isa = XCBuildConfiguration;
			buildSettings = {
				ALWAYS_SEARCH_USER_PATHS = NO;
				CLANG_ANALYZER_NONNULL = YES;
				CLANG_ANALYZER_NUMBER_OBJECT_CONVERSION = YES_AGGRESSIVE;
				CLANG_CXX_LANGUAGE_STANDARD = "gnu++0x";
				CLANG_CXX_LIBRARY = "libc++";
				CLANG_ENABLE_MODULES = YES;
				CLANG_ENABLE_OBJC_ARC = YES;
				CLANG_WARN_BOOL_CONVERSION = YES;
				CLANG_WARN_CONSTANT_CONVERSION = YES;
				CLANG_WARN_DIRECT_OBJC_ISA_USAGE = YES_ERROR;
				CLANG_WARN_DOCUMENTATION_COMMENTS = YES;
				CLANG_WARN_EMPTY_BODY = YES;
				CLANG_WARN_ENUM_CONVERSION = YES;
				CLANG_WARN_INFINITE_RECURSION = YES;
				CLANG_WARN_INT_CONVERSION = YES;
				CLANG_WARN_OBJC_ROOT_CLASS = YES_ERROR;
				CLANG_WARN_SUSPICIOUS_MOVE = YES;
				CLANG_WARN_UNREACHABLE_CODE = YES;
				CLANG_WARN__DUPLICATE_METHOD_MATCH = YES;
				"CODE_SIGN_IDENTITY[sdk=iphoneos*]" = "iPhone Developer";
				COPY_PHASE_STRIP = NO;
				DEBUG_INFORMATION_FORMAT = "dwarf-with-dsym";
				ENABLE_NS_ASSERTIONS = NO;
				ENABLE_STRICT_OBJC_MSGSEND = YES;
				GCC_C_LANGUAGE_STANDARD = gnu99;
				GCC_NO_COMMON_BLOCKS = YES;
				GCC_WARN_64_TO_32_BIT_CONVERSION = YES;
				GCC_WARN_ABOUT_RETURN_TYPE = YES_ERROR;
				GCC_WARN_UNDECLARED_SELECTOR = YES;
				GCC_WARN_UNINITIALIZED_AUTOS = YES_AGGRESSIVE;
				GCC_WARN_UNUSED_FUNCTION = YES;
				GCC_WARN_UNUSED_VARIABLE = YES;
				IPHONEOS_DEPLOYMENT_TARGET = 10.3;
				MTL_ENABLE_DEBUG_INFO = NO;
				SDKROOT = iphoneos;
				SWIFT_OPTIMIZATION_LEVEL = "-Owholemodule";
				TARGETED_DEVICE_FAMILY = "1,2";
				VALIDATE_PRODUCT = YES;
			};
			name = Release;
		};
		A4C574391F14A3F300FC0B31 /* Debug */ = {
			isa = XCBuildConfiguration;
			buildSettings = {
				ASSETCATALOG_COMPILER_APPICON_NAME = AppIcon;
				DEVELOPMENT_TEAM = B4586UR56B;
				INFOPLIST_FILE = "To Do List/Info.plist";
				LD_RUNPATH_SEARCH_PATHS = "$(inherited) @executable_path/Frameworks";
				PRODUCT_BUNDLE_IDENTIFIER = "Makarenko.To-Do-List";
				PRODUCT_NAME = "$(TARGET_NAME)";
				SWIFT_VERSION = 3.0;
			};
			name = Debug;
		};
		A4C5743A1F14A3F300FC0B31 /* Release */ = {
			isa = XCBuildConfiguration;
			buildSettings = {
				ASSETCATALOG_COMPILER_APPICON_NAME = AppIcon;
				DEVELOPMENT_TEAM = B4586UR56B;
				INFOPLIST_FILE = "To Do List/Info.plist";
				LD_RUNPATH_SEARCH_PATHS = "$(inherited) @executable_path/Frameworks";
				PRODUCT_BUNDLE_IDENTIFIER = "Makarenko.To-Do-List";
				PRODUCT_NAME = "$(TARGET_NAME)";
				SWIFT_VERSION = 3.0;
			};
			name = Release;
		};
/* End XCBuildConfiguration section */

/* Begin XCConfigurationList section */
		A4C574211F14A3F200FC0B31 /* Build configuration list for PBXProject "To Do List" */ = {
			isa = XCConfigurationList;
			buildConfigurations = (
				A4C574361F14A3F300FC0B31 /* Debug */,
				A4C574371F14A3F300FC0B31 /* Release */,
			);
			defaultConfigurationIsVisible = 0;
			defaultConfigurationName = Release;
		};
		A4C574381F14A3F300FC0B31 /* Build configuration list for PBXNativeTarget "To Do List" */ = {
			isa = XCConfigurationList;
			buildConfigurations = (
				A4C574391F14A3F300FC0B31 /* Debug */,
				A4C5743A1F14A3F300FC0B31 /* Release */,
			);
			defaultConfigurationIsVisible = 0;
			defaultConfigurationName = Release;
		};
/* End XCConfigurationList section */
	};
	rootObject = A4C5741E1F14A3F200FC0B31 /* Project object */;
}
